
Microsoft Visual Studio Solution File, Format Version 12.00
# Visual Studio Version 17
VisualStudioVersion = 17.4.33213.308
MinimumVisualStudioVersion = 10.0.40219.1
Project("{9A19103F-16F7-4668-BE54-9A1E7A4F7556}") = "BookStoreApp.API", "BookStoreApp.API\BookStoreApp.API.csproj", "{0AA11ABD-7691-4BB9-954E-EA7EE4E7495F}"
EndProject
Project("{FAE04EC0-301F-11D3-BF4B-00C04F79EFBC}") = "BookStoreApp.Blazor.Server.UI", "BookStoreApp.Blazor.Server.UI\BookStoreApp.Blazor.Server.UI.csproj", "{11224128-EC94-492E-8E94-6AFF6F17A0F2}"
EndProject
Global
	GlobalSection(SolutionConfigurationPlatforms) = preSolution
		Debug|Any CPU = Debug|Any CPU
		Release|Any CPU = Release|Any CPU
	EndGlobalSection
	GlobalSection(ProjectConfigurationPlatforms) = postSolution
		{0AA11ABD-7691-4BB9-954E-EA7EE4E7495F}.Debug|Any CPU.ActiveCfg = Debug|Any CPU
		{0AA11ABD-7691-4BB9-954E-EA7EE4E7495F}.Debug|Any CPU.Build.0 = Debug|Any CPU
		{0AA11ABD-7691-4BB9-954E-EA7EE4E7495F}.Release|Any CPU.ActiveCfg = Release|Any CPU
		{0AA11ABD-7691-4BB9-954E-EA7EE4E7495F}.Release|Any CPU.Build.0 = Release|Any CPU
		{11224128-EC94-492E-8E94-6AFF6F17A0F2}.Debug|Any CPU.ActiveCfg = Debug|Any CPU
		{11224128-EC94-492E-8E94-6AFF6F17A0F2}.Debug|Any CPU.Build.0 = Debug|Any CPU
		{11224128-EC94-492E-8E94-6AFF6F17A0F2}.Release|Any CPU.ActiveCfg = Release|Any CPU
		{11224128-EC94-492E-8E94-6AFF6F17A0F2}.Release|Any CPU.Build.0 = Release|Any CPU
	EndGlobalSection
	GlobalSection(SolutionProperties) = preSolution
		HideSolutionNode = FALSE
	EndGlobalSection
	GlobalSection(ExtensibilityGlobals) = postSolution
		SolutionGuid = {9374A437-8A4A-4D0E-BBD3-EE846AFD714F}
	EndGlobalSection
EndGlobal
